
Microsoft Visual Studio Solution File, Format Version 12.00
# Visual Studio Version 17
VisualStudioVersion = 17.5.33627.172
MinimumVisualStudioVersion = 10.0.40219.1
Project("{9A19103F-16F7-4668-BE54-9A1E7A4F7556}") = "TaskForce", "TaskForce\TaskForce.csproj", "{8D9DBB05-027E-442B-B622-A7841DC82443}"
EndProject
Project("{9A19103F-16F7-4668-BE54-9A1E7A4F7556}") = "TaskForce.DAL", "TaskForce.DAL\TaskForce.DAL.csproj", "{6FA6B2B3-4E25-4388-A928-56681FC5E105}"
EndProject
Project("{FAE04EC0-301F-11D3-BF4B-00C04F79EFBC}") = "TaskForce.BLL", "TaskForce.BLL\TaskForce.BLL.csproj", "{342824F6-5D7B-4F51-AEFB-8F5508CA34C5}"
EndProject
Global
	GlobalSection(SolutionConfigurationPlatforms) = preSolution
		Debug|Any CPU = Debug|Any CPU
		Release|Any CPU = Release|Any CPU
	EndGlobalSection
	GlobalSection(ProjectConfigurationPlatforms) = postSolution
		{8D9DBB05-027E-442B-B622-A7841DC82443}.Debug|Any CPU.ActiveCfg = Debug|Any CPU
		{8D9DBB05-027E-442B-B622-A7841DC82443}.Debug|Any CPU.Build.0 = Debug|Any CPU
		{8D9DBB05-027E-442B-B622-A7841DC82443}.Release|Any CPU.ActiveCfg = Release|Any CPU
		{8D9DBB05-027E-442B-B622-A7841DC82443}.Release|Any CPU.Build.0 = Release|Any CPU
		{6FA6B2B3-4E25-4388-A928-56681FC5E105}.Debug|Any CPU.ActiveCfg = Debug|Any CPU
		{6FA6B2B3-4E25-4388-A928-56681FC5E105}.Debug|Any CPU.Build.0 = Debug|Any CPU
		{6FA6B2B3-4E25-4388-A928-56681FC5E105}.Release|Any CPU.ActiveCfg = Release|Any CPU
		{6FA6B2B3-4E25-4388-A928-56681FC5E105}.Release|Any CPU.Build.0 = Release|Any CPU
		{342824F6-5D7B-4F51-AEFB-8F5508CA34C5}.Debug|Any CPU.ActiveCfg = Debug|Any CPU
		{342824F6-5D7B-4F51-AEFB-8F5508CA34C5}.Debug|Any CPU.Build.0 = Debug|Any CPU
		{342824F6-5D7B-4F51-AEFB-8F5508CA34C5}.Release|Any CPU.ActiveCfg = Release|Any CPU
		{342824F6-5D7B-4F51-AEFB-8F5508CA34C5}.Release|Any CPU.Build.0 = Release|Any CPU
	EndGlobalSection
	GlobalSection(SolutionProperties) = preSolution
		HideSolutionNode = FALSE
	EndGlobalSection
	GlobalSection(ExtensibilityGlobals) = postSolution
		SolutionGuid = {9C3706AD-DCD8-4646-A8A1-96105C7B7431}
	EndGlobalSection
EndGlobal
